
Microsoft Visual Studio Solution File, Format Version 12.00
# Visual Studio Version 17
VisualStudioVersion = 17.0.31919.166
MinimumVisualStudioVersion = 10.0.40219.1
Project("{9A19103F-16F7-4668-BE54-9A1E7A4F7556}") = "ED Virtual Wing", "ED Virtual Wing\ED Virtual Wing.csproj", "{C92C9E79-DA08-4DAE-8B78-F29A15D11906}"
EndProject
Project("{FAE04EC0-301F-11D3-BF4B-00C04F79EFBC}") = "ED Virtual Wing Unit Test", "ED Virtual Wing Unit Test\ED Virtual Wing Unit Test.csproj", "{7BD91CEF-24D1-48A1-81C8-F0CBF29699AB}"
EndProject
Global
	GlobalSection(SolutionConfigurationPlatforms) = preSolution
		Debug|Any CPU = Debug|Any CPU
		Release|Any CPU = Release|Any CPU
	EndGlobalSection
	GlobalSection(ProjectConfigurationPlatforms) = postSolution
		{C92C9E79-DA08-4DAE-8B78-F29A15D11906}.Debug|Any CPU.ActiveCfg = Debug|Any CPU
		{C92C9E79-DA08-4DAE-8B78-F29A15D11906}.Debug|Any CPU.Build.0 = Debug|Any CPU
		{C92C9E79-DA08-4DAE-8B78-F29A15D11906}.Release|Any CPU.ActiveCfg = Release|Any CPU
		{C92C9E79-DA08-4DAE-8B78-F29A15D11906}.Release|Any CPU.Build.0 = Release|Any CPU
		{7BD91CEF-24D1-48A1-81C8-F0CBF29699AB}.Debug|Any CPU.ActiveCfg = Debug|Any CPU
		{7BD91CEF-24D1-48A1-81C8-F0CBF29699AB}.Debug|Any CPU.Build.0 = Debug|Any CPU
		{7BD91CEF-24D1-48A1-81C8-F0CBF29699AB}.Release|Any CPU.ActiveCfg = Release|Any CPU
		{7BD91CEF-24D1-48A1-81C8-F0CBF29699AB}.Release|Any CPU.Build.0 = Release|Any CPU
	EndGlobalSection
	GlobalSection(SolutionProperties) = preSolution
		HideSolutionNode = FALSE
	EndGlobalSection
	GlobalSection(ExtensibilityGlobals) = postSolution
		SolutionGuid = {EDB4DF9D-6473-4B8F-ACCA-149EC0314B6C}
	EndGlobalSection
EndGlobal
